NeoBundleLock VimClojure 2a17c249571395a7f45523d38cac6a9326ecf8f1
NeoBundleLock vim-autoclose a9a3b7384657bc1f60a963fd6c08c63fc48d61c3
NeoBundleLock unite.vim b007eef1ecbad18af7f821d2e57c07c56e825e0e
NeoBundleLock vimshell c8b93b006323fb041bb5a755b752d4d6d5b17154
NeoBundleLock vim-indent-guides eec1b629dc4cfa3986d20f21d4b4489732cd3f5a
NeoBundleLock syntastic e4c94d67a9ba7f35397b4a2f0daa8f346a84a8b9
NeoBundleLock vim-fugitive 0374322ba5d85ae44dd9dc44ef31ca015a59097e
NeoBundleLock nerdtree f8fd2ecce20f5005e6313ce57d6d2a209890c946
NeoBundleLock vimproc 41eea46cf5b8418db6dc5c5a760a4cead31d1370
NeoBundleLock neosnippet 23327c4379b45798fb5b3e644adb77208c8ce68d
NeoBundleLock command-t 9a2653bc91be13b810e63a394574277192927e5d
NeoBundleLock YankRing.vim a884f3a161fa3cd8c996eb53a3d1c68631f60c21
NeoBundleLock neocomplcache 237442924ac366015e6e0a8a13a31ac37be0c696
NeoBundleLock neobundle.vim 4a3bb7fb323b62f571c22ff15139fe996dc60ac8
NeoBundleLock vim-slime d549e80f33270d8f82a4d475e0e16cac6997fdcd
NeoBundleLock html5.vim daf9c09f1c77c05adcdc0d81d218474e99104224
