NeoBundleLock VimClojure 2a17c249571395a7f45523d38cac6a9326ecf8f1
NeoBundleLock vim-autoclose a9a3b7384657bc1f60a963fd6c08c63fc48d61c3
NeoBundleLock unite.vim bdf83bc2973c146ee24a94943aa490a6e9d1c5eb
NeoBundleLock vimshell d4101165a2909ea2cf571d177d9a591d1dff2520
NeoBundleLock vim-indent-guides eec1b629dc4cfa3986d20f21d4b4489732cd3f5a
NeoBundleLock syntastic 64cce208388c10debd5b150de08d9be371bd0e86
NeoBundleLock vim-fugitive 0374322ba5d85ae44dd9dc44ef31ca015a59097e
NeoBundleLock nerdtree f8fd2ecce20f5005e6313ce57d6d2a209890c946
NeoBundleLock vimproc 3e055023dfab4f5a4dfa05a834f9d0cb7294a82e
NeoBundleLock neosnippet 23327c4379b45798fb5b3e644adb77208c8ce68d
NeoBundleLock command-t 223092c178c45a2d0597f611667603e24f01f954
NeoBundleLock YankRing.vim a884f3a161fa3cd8c996eb53a3d1c68631f60c21
NeoBundleLock neocomplcache 237442924ac366015e6e0a8a13a31ac37be0c696
NeoBundleLock vim-slime d549e80f33270d8f82a4d475e0e16cac6997fdcd
NeoBundleLock html5.vim daf9c09f1c77c05adcdc0d81d218474e99104224
